
Microsoft Visual Studio Solution File, Format Version 12.00
# Visual Studio 2012
Project("{FAE04EC0-301F-11D3-BF4B-00C04F79EFBC}") = "Quanlythuvien", "Quanlythuvien\Quanlythuvien.csproj", "{CAEC3965-83AA-48CA-B7F0-E7B32E8BEC0E}"
EndProject
Global
	GlobalSection(SolutionConfigurationPlatforms) = preSolution
		CD_ROM|Any CPU = CD_ROM|Any CPU
		Debug|Any CPU = Debug|Any CPU
		DVD-5|Any CPU = DVD-5|Any CPU
		Release|Any CPU = Release|Any CPU
		SingleImage|Any CPU = SingleImage|Any CPU
	EndGlobalSection
	GlobalSection(ProjectConfigurationPlatforms) = postSolution
		{CAEC3965-83AA-48CA-B7F0-E7B32E8BEC0E}.CD_ROM|Any CPU.ActiveCfg = Release|Any CPU
		{CAEC3965-83AA-48CA-B7F0-E7B32E8BEC0E}.CD_ROM|Any CPU.Build.0 = Release|Any CPU
		{CAEC3965-83AA-48CA-B7F0-E7B32E8BEC0E}.Debug|Any CPU.ActiveCfg = Debug|Any CPU
		{CAEC3965-83AA-48CA-B7F0-E7B32E8BEC0E}.Debug|Any CPU.Build.0 = Debug|Any CPU
		{CAEC3965-83AA-48CA-B7F0-E7B32E8BEC0E}.DVD-5|Any CPU.ActiveCfg = Debug|Any CPU
		{CAEC3965-83AA-48CA-B7F0-E7B32E8BEC0E}.DVD-5|Any CPU.Build.0 = Debug|Any CPU
		{CAEC3965-83AA-48CA-B7F0-E7B32E8BEC0E}.Release|Any CPU.ActiveCfg = Release|Any CPU
		{CAEC3965-83AA-48CA-B7F0-E7B32E8BEC0E}.Release|Any CPU.Build.0 = Release|Any CPU
		{CAEC3965-83AA-48CA-B7F0-E7B32E8BEC0E}.SingleImage|Any CPU.ActiveCfg = Release|Any CPU
		{CAEC3965-83AA-48CA-B7F0-E7B32E8BEC0E}.SingleImage|Any CPU.Build.0 = Release|Any CPU
	EndGlobalSection
	GlobalSection(SolutionProperties) = preSolution
		HideSolutionNode = FALSE
	EndGlobalSection
EndGlobal
